// !$*UTF8*$!
{
	archiveVersion = 1;
	classes = {
	};
	objectVersion = 55;
	objects = {

/* Begin PBXBuildFile section */
		6394F7152859E67C001BECE0 /* SpinnerViewController.swift in Sources */ = {isa = PBXBuildFile; fileRef = 6394F7142859E67C001BECE0 /* SpinnerViewController.swift */; };
		639FCB8428590CC200225851 /* AppDelegate.swift in Sources */ = {isa = PBXBuildFile; fileRef = 639FCB8328590CC200225851 /* AppDelegate.swift */; };
		639FCB8628590CC200225851 /* SceneDelegate.swift in Sources */ = {isa = PBXBuildFile; fileRef = 639FCB8528590CC200225851 /* SceneDelegate.swift */; };
		639FCB8B28590CC200225851 /* Main.storyboard in Resources */ = {isa = PBXBuildFile; fileRef = 639FCB8928590CC200225851 /* Main.storyboard */; };
		639FCB8D28590CC500225851 /* Assets.xcassets in Resources */ = {isa = PBXBuildFile; fileRef = 639FCB8C28590CC500225851 /* Assets.xcassets */; };
		639FCB9028590CC500225851 /* LaunchScreen.storyboard in Resources */ = {isa = PBXBuildFile; fileRef = 639FCB8E28590CC500225851 /* LaunchScreen.storyboard */; };
		639FCB9D28590EB800225851 /* CityManager.swift in Sources */ = {isa = PBXBuildFile; fileRef = 639FCB9C28590EB800225851 /* CityManager.swift */; };
		639FCB9F2859117500225851 /* City.swift in Sources */ = {isa = PBXBuildFile; fileRef = 639FCB9E2859117500225851 /* City.swift */; };
		639FCBA1285919FC00225851 /* CityTableViewController.swift in Sources */ = {isa = PBXBuildFile; fileRef = 639FCBA0285919FC00225851 /* CityTableViewController.swift */; };
		639FCBA52859223C00225851 /* NetworkManager.swift in Sources */ = {isa = PBXBuildFile; fileRef = 639FCBA42859223C00225851 /* NetworkManager.swift */; };
		639FCBA9285935AD00225851 /* WeatherResponse.swift in Sources */ = {isa = PBXBuildFile; fileRef = 639FCBA8285935AD00225851 /* WeatherResponse.swift */; };
		639FCBAB2859B27B00225851 /* WeatherCondition.swift in Sources */ = {isa = PBXBuildFile; fileRef = 639FCBAA2859B27B00225851 /* WeatherCondition.swift */; };
		639FCBAD2859BB7200225851 /* WeatherViewController.swift in Sources */ = {isa = PBXBuildFile; fileRef = 639FCBAC2859BB7200225851 /* WeatherViewController.swift */; };
/* End PBXBuildFile section */

/* Begin PBXFileReference section */
		6394F7142859E67C001BECE0 /* SpinnerViewController.swift */ = {isa = PBXFileReference; lastKnownFileType = sourcecode.swift; path = SpinnerViewController.swift; sourceTree = "<group>"; };
		639FCB8028590CC200225851 /* WeatherApp.app */ = {isa = PBXFileReference; explicitFileType = wrapper.application; includeInIndex = 0; path = WeatherApp.app; sourceTree = BUILT_PRODUCTS_DIR; };
		639FCB8328590CC200225851 /* AppDelegate.swift */ = {isa = PBXFileReference; lastKnownFileType = sourcecode.swift; path = AppDelegate.swift; sourceTree = "<group>"; };
		639FCB8528590CC200225851 /* SceneDelegate.swift */ = {isa = PBXFileReference; lastKnownFileType = sourcecode.swift; path = SceneDelegate.swift; sourceTree = "<group>"; };
		639FCB8A28590CC200225851 /* Base */ = {isa = PBXFileReference; lastKnownFileType = file.storyboard; name = Base; path = Base.lproj/Main.storyboard; sourceTree = "<group>"; };
		639FCB8C28590CC500225851 /* Assets.xcassets */ = {isa = PBXFileReference; lastKnownFileType = folder.assetcatalog; path = Assets.xcassets; sourceTree = "<group>"; };
		639FCB8F28590CC500225851 /* Base */ = {isa = PBXFileReference; lastKnownFileType = file.storyboard; name = Base; path = Base.lproj/LaunchScreen.storyboard; sourceTree = "<group>"; };
		639FCB9128590CC500225851 /* Info.plist */ = {isa = PBXFileReference; lastKnownFileType = text.plist.xml; path = Info.plist; sourceTree = "<group>"; };
		639FCB9C28590EB800225851 /* CityManager.swift */ = {isa = PBXFileReference; lastKnownFileType = sourcecode.swift; path = CityManager.swift; sourceTree = "<group>"; };
		639FCB9E2859117500225851 /* City.swift */ = {isa = PBXFileReference; lastKnownFileType = sourcecode.swift; path = City.swift; sourceTree = "<group>"; };
		639FCBA0285919FC00225851 /* CityTableViewController.swift */ = {isa = PBXFileReference; lastKnownFileType = sourcecode.swift; path = CityTableViewController.swift; sourceTree = "<group>"; };
		639FCBA42859223C00225851 /* NetworkManager.swift */ = {isa = PBXFileReference; lastKnownFileType = sourcecode.swift; path = NetworkManager.swift; sourceTree = "<group>"; };
		639FCBA8285935AD00225851 /* WeatherResponse.swift */ = {isa = PBXFileReference; lastKnownFileType = sourcecode.swift; path = WeatherResponse.swift; sourceTree = "<group>"; };
		639FCBAA2859B27B00225851 /* WeatherCondition.swift */ = {isa = PBXFileReference; lastKnownFileType = sourcecode.swift; path = WeatherCondition.swift; sourceTree = "<group>"; };
		639FCBAC2859BB7200225851 /* WeatherViewController.swift */ = {isa = PBXFileReference; lastKnownFileType = sourcecode.swift; path = WeatherViewController.swift; sourceTree = "<group>"; };
/* End PBXFileReference section */

/* Begin PBXFrameworksBuildPhase section */
		639FCB7D28590CC200225851 /* Frameworks */ = {
			isa = PBXFrameworksBuildPhase;
			buildActionMask = 2147483647;
			files = (
			);
			runOnlyForDeploymentPostprocessing = 0;
		};
/* End PBXFrameworksBuildPhase section */

/* Begin PBXGroup section */
		639FCB7728590CC200225851 = {
			isa = PBXGroup;
			children = (
				639FCB8228590CC200225851 /* WeatherApp */,
				639FCB8128590CC200225851 /* Products */,
			);
			sourceTree = "<group>";
		};
		639FCB8128590CC200225851 /* Products */ = {
			isa = PBXGroup;
			children = (
				639FCB8028590CC200225851 /* WeatherApp.app */,
			);
			name = Products;
			sourceTree = "<group>";
		};
		639FCB8228590CC200225851 /* WeatherApp */ = {
			isa = PBXGroup;
			children = (
				639FCBA328591EE300225851 /* Services */,
				639FCB9B28590E7D00225851 /* Models */,
				639FCB9928590DB500225851 /* App */,
				639FCB9A28590E6400225851 /* Controllers */,
				639FCB9728590CE500225851 /* Storyboards */,
				639FCB9828590DA000225851 /* Resources */,
			);
			path = WeatherApp;
			sourceTree = "<group>";
		};
		639FCB9728590CE500225851 /* Storyboards */ = {
			isa = PBXGroup;
			children = (
				639FCB8928590CC200225851 /* Main.storyboard */,
				639FCB8E28590CC500225851 /* LaunchScreen.storyboard */,
			);
			path = Storyboards;
			sourceTree = "<group>";
		};
		639FCB9828590DA000225851 /* Resources */ = {
			isa = PBXGroup;
			children = (
				639FCB8C28590CC500225851 /* Assets.xcassets */,
			);
			path = Resources;
			sourceTree = "<group>";
		};
		639FCB9928590DB500225851 /* App */ = {
			isa = PBXGroup;
			children = (
				639FCB8328590CC200225851 /* AppDelegate.swift */,
				639FCB8528590CC200225851 /* SceneDelegate.swift */,
				639FCB9128590CC500225851 /* Info.plist */,
			);
			path = App;
			sourceTree = "<group>";
		};
		639FCB9A28590E6400225851 /* Controllers */ = {
			isa = PBXGroup;
			children = (
				639FCBA0285919FC00225851 /* CityTableViewController.swift */,
				639FCBAC2859BB7200225851 /* WeatherViewController.swift */,
				6394F7142859E67C001BECE0 /* SpinnerViewController.swift */,
			);
			path = Controllers;
			sourceTree = "<group>";
		};
		639FCB9B28590E7D00225851 /* Models */ = {
			isa = PBXGroup;
			children = (
				639FCB9E2859117500225851 /* City.swift */,
				639FCBA8285935AD00225851 /* WeatherResponse.swift */,
			);
			path = Models;
			sourceTree = "<group>";
		};
		639FCBA328591EE300225851 /* Services */ = {
			isa = PBXGroup;
			children = (
				639FCB9C28590EB800225851 /* CityManager.swift */,
				639FCBA42859223C00225851 /* NetworkManager.swift */,
				639FCBAA2859B27B00225851 /* WeatherCondition.swift */,
			);
			path = Services;
			sourceTree = "<group>";
		};
/* End PBXGroup section */

/* Begin PBXNativeTarget section */
		639FCB7F28590CC200225851 /* WeatherApp */ = {
			isa = PBXNativeTarget;
			buildConfigurationList = 639FCB9428590CC500225851 /* Build configuration list for PBXNativeTarget "WeatherApp" */;
			buildPhases = (
				639FCB7C28590CC200225851 /* Sources */,
				639FCB7D28590CC200225851 /* Frameworks */,
				639FCB7E28590CC200225851 /* Resources */,
			);
			buildRules = (
			);
			dependencies = (
			);
			name = WeatherApp;
			productName = WeatherApp;
			productReference = 639FCB8028590CC200225851 /* WeatherApp.app */;
			productType = "com.apple.product-type.application";
		};
/* End PBXNativeTarget section */

/* Begin PBXProject section */
		639FCB7828590CC200225851 /* Project object */ = {
			isa = PBXProject;
			attributes = {
				BuildIndependentTargetsInParallel = 1;
				LastSwiftUpdateCheck = 1330;
				LastUpgradeCheck = 1330;
				TargetAttributes = {
					639FCB7F28590CC200225851 = {
						CreatedOnToolsVersion = 13.3.1;
					};
				};
			};
			buildConfigurationList = 639FCB7B28590CC200225851 /* Build configuration list for PBXProject "WeatherApp" */;
			compatibilityVersion = "Xcode 13.0";
			developmentRegion = en;
			hasScannedForEncodings = 0;
			knownRegions = (
				en,
				Base,
			);
			mainGroup = 639FCB7728590CC200225851;
			productRefGroup = 639FCB8128590CC200225851 /* Products */;
			projectDirPath = "";
			projectRoot = "";
			targets = (
				639FCB7F28590CC200225851 /* WeatherApp */,
			);
		};
/* End PBXProject section */

/* Begin PBXResourcesBuildPhase section */
		639FCB7E28590CC200225851 /* Resources */ = {
			isa = PBXResourcesBuildPhase;
			buildActionMask = 2147483647;
			files = (
				639FCB9028590CC500225851 /* LaunchScreen.storyboard in Resources */,
				639FCB8D28590CC500225851 /* Assets.xcassets in Resources */,
				639FCB8B28590CC200225851 /* Main.storyboard in Resources */,
			);
			runOnlyForDeploymentPostprocessing = 0;
		};
/* End PBXResourcesBuildPhase section */

/* Begin PBXSourcesBuildPhase section */
		639FCB7C28590CC200225851 /* Sources */ = {
			isa = PBXSourcesBuildPhase;
			buildActionMask = 2147483647;
			files = (
				639FCBA52859223C00225851 /* NetworkManager.swift in Sources */,
				639FCBAD2859BB7200225851 /* WeatherViewController.swift in Sources */,
				639FCB9D28590EB800225851 /* CityManager.swift in Sources */,
				639FCB9F2859117500225851 /* City.swift in Sources */,
				6394F7152859E67C001BECE0 /* SpinnerViewController.swift in Sources */,
				639FCBA1285919FC00225851 /* CityTableViewController.swift in Sources */,
				639FCBAB2859B27B00225851 /* WeatherCondition.swift in Sources */,
				639FCB8428590CC200225851 /* AppDelegate.swift in Sources */,
				639FCB8628590CC200225851 /* SceneDelegate.swift in Sources */,
				639FCBA9285935AD00225851 /* WeatherResponse.swift in Sources */,
			);
			runOnlyForDeploymentPostprocessing = 0;
		};
/* End PBXSourcesBuildPhase section */

/* Begin PBXVariantGroup section */
		639FCB8928590CC200225851 /* Main.storyboard */ = {
			isa = PBXVariantGroup;
			children = (
				639FCB8A28590CC200225851 /* Base */,
			);
			name = Main.storyboard;
			sourceTree = "<group>";
		};
		639FCB8E28590CC500225851 /* LaunchScreen.storyboard */ = {
			isa = PBXVariantGroup;
			children = (
				639FCB8F28590CC500225851 /* Base */,
			);
			name = LaunchScreen.storyboard;
			sourceTree = "<group>";
		};
/* End PBXVariantGroup section */

/* Begin XCBuildConfiguration section */
		639FCB9228590CC500225851 /* Debug */ = {
			isa = XCBuildConfiguration;
			buildSettings = {
				ALWAYS_SEARCH_USER_PATHS = NO;
				CLANG_ANALYZER_NONNULL = YES;
				CLANG_ANALYZER_NUMBER_OBJECT_CONVERSION = YES_AGGRESSIVE;
				CLANG_CXX_LANGUAGE_STANDARD = "gnu++17";
				CLANG_ENABLE_MODULES = YES;
				CLANG_ENABLE_OBJC_ARC = YES;
				CLANG_ENABLE_OBJC_WEAK = YES;
				CLANG_WARN_BLOCK_CAPTURE_AUTORELEASING = YES;
				CLANG_WARN_BOOL_CONVERSION = YES;
				CLANG_WARN_COMMA = YES;
				CLANG_WARN_CONSTANT_CONVERSION = YES;
				CLANG_WARN_DEPRECATED_OBJC_IMPLEMENTATIONS = YES;
				CLANG_WARN_DIRECT_OBJC_ISA_USAGE = YES_ERROR;
				CLANG_WARN_DOCUMENTATION_COMMENTS = YES;
				CLANG_WARN_EMPTY_BODY = YES;
				CLANG_WARN_ENUM_CONVERSION = YES;
				CLANG_WARN_INFINITE_RECURSION = YES;
				CLANG_WARN_INT_CONVERSION = YES;
				CLANG_WARN_NON_LITERAL_NULL_CONVERSION = YES;
				CLANG_WARN_OBJC_IMPLICIT_RETAIN_SELF = YES;
				CLANG_WARN_OBJC_LITERAL_CONVERSION = YES;
				CLANG_WARN_OBJC_ROOT_CLASS = YES_ERROR;
				CLANG_WARN_QUOTED_INCLUDE_IN_FRAMEWORK_HEADER = YES;
				CLANG_WARN_RANGE_LOOP_ANALYSIS = YES;
				CLANG_WARN_STRICT_PROTOTYPES = YES;
				CLANG_WARN_SUSPICIOUS_MOVE = YES;
				CLANG_WARN_UNGUARDED_AVAILABILITY = YES_AGGRESSIVE;
				CLANG_WARN_UNREACHABLE_CODE = YES;
				CLANG_WARN__DUPLICATE_METHOD_MATCH = YES;
				COPY_PHASE_STRIP = NO;
				DEBUG_INFORMATION_FORMAT = dwarf;
				ENABLE_STRICT_OBJC_MSGSEND = YES;
				ENABLE_TESTABILITY = YES;
				GCC_C_LANGUAGE_STANDARD = gnu11;
				GCC_DYNAMIC_NO_PIC = NO;
				GCC_NO_COMMON_BLOCKS = YES;
				GCC_OPTIMIZATION_LEVEL = 0;
				GCC_PREPROCESSOR_DEFINITIONS = (
					"DEBUG=1",
					"$(inherited)",
				);
				GCC_WARN_64_TO_32_BIT_CONVERSION = YES;
				GCC_WARN_ABOUT_RETURN_TYPE = YES_ERROR;
				GCC_WARN_UNDECLARED_SELECTOR = YES;
				GCC_WARN_UNINITIALIZED_AUTOS = YES_AGGRESSIVE;
				GCC_WARN_UNUSED_FUNCTION = YES;
				GCC_WARN_UNUSED_VARIABLE = YES;
				IPHONEOS_DEPLOYMENT_TARGET = 15.4;
				MTL_ENABLE_DEBUG_INFO = INCLUDE_SOURCE;
				MTL_FAST_MATH = YES;
				ONLY_ACTIVE_ARCH = YES;
				SDKROOT = iphoneos;
				SWIFT_ACTIVE_COMPILATION_CONDITIONS = DEBUG;
				SWIFT_OPTIMIZATION_LEVEL = "-Onone";
			};
			name = Debug;
		};
		639FCB9328590CC500225851 /* Release */ = {
			isa = XCBuildConfiguration;
			buildSettings = {
				ALWAYS_SEARCH_USER_PATHS = NO;
				CLANG_ANALYZER_NONNULL = YES;
				CLANG_ANALYZER_NUMBER_OBJECT_CONVERSION = YES_AGGRESSIVE;
				CLANG_CXX_LANGUAGE_STANDARD = "gnu++17";
				CLANG_ENABLE_MODULES = YES;
				CLANG_ENABLE_OBJC_ARC = YES;
				CLANG_ENABLE_OBJC_WEAK = YES;
				CLANG_WARN_BLOCK_CAPTURE_AUTORELEASING = YES;
				CLANG_WARN_BOOL_CONVERSION = YES;
				CLANG_WARN_COMMA = YES;
				CLANG_WARN_CONSTANT_CONVERSION = YES;
				CLANG_WARN_DEPRECATED_OBJC_IMPLEMENTATIONS = YES;
				CLANG_WARN_DIRECT_OBJC_ISA_USAGE = YES_ERROR;
				CLANG_WARN_DOCUMENTATION_COMMENTS = YES;
				CLANG_WARN_EMPTY_BODY = YES;
				CLANG_WARN_ENUM_CONVERSION = YES;
				CLANG_WARN_INFINITE_RECURSION = YES;
				CLANG_WARN_INT_CONVERSION = YES;
				CLANG_WARN_NON_LITERAL_NULL_CONVERSION = YES;
				CLANG_WARN_OBJC_IMPLICIT_RETAIN_SELF = YES;
				CLANG_WARN_OBJC_LITERAL_CONVERSION = YES;
				CLANG_WARN_OBJC_ROOT_CLASS = YES_ERROR;
				CLANG_WARN_QUOTED_INCLUDE_IN_FRAMEWORK_HEADER = YES;
				CLANG_WARN_RANGE_LOOP_ANALYSIS = YES;
				CLANG_WARN_STRICT_PROTOTYPES = YES;
				CLANG_WARN_SUSPICIOUS_MOVE = YES;
				CLANG_WARN_UNGUARDED_AVAILABILITY = YES_AGGRESSIVE;
				CLANG_WARN_UNREACHABLE_CODE = YES;
				CLANG_WARN__DUPLICATE_METHOD_MATCH = YES;
				COPY_PHASE_STRIP = NO;
				DEBUG_INFORMATION_FORMAT = "dwarf-with-dsym";
				ENABLE_NS_ASSERTIONS = NO;
				ENABLE_STRICT_OBJC_MSGSEND = YES;
				GCC_C_LANGUAGE_STANDARD = gnu11;
				GCC_NO_COMMON_BLOCKS = YES;
				GCC_WARN_64_TO_32_BIT_CONVERSION = YES;
				GCC_WARN_ABOUT_RETURN_TYPE = YES_ERROR;
				GCC_WARN_UNDECLARED_SELECTOR = YES;
				GCC_WARN_UNINITIALIZED_AUTOS = YES_AGGRESSIVE;
				GCC_WARN_UNUSED_FUNCTION = YES;
				GCC_WARN_UNUSED_VARIABLE = YES;
				IPHONEOS_DEPLOYMENT_TARGET = 15.4;
				MTL_ENABLE_DEBUG_INFO = NO;
				MTL_FAST_MATH = YES;
				SDKROOT = iphoneos;
				SWIFT_COMPILATION_MODE = wholemodule;
				SWIFT_OPTIMIZATION_LEVEL = "-O";
				VALIDATE_PRODUCT = YES;
			};
			name = Release;
		};
		639FCB9528590CC500225851 /* Debug */ = {
			isa = XCBuildConfiguration;
			buildSettings = {
				ASSETCATALOG_COMPILER_APPICON_NAME = AppIcon;
				ASSETCATALOG_COMPILER_GLOBAL_ACCENT_COLOR_NAME = AccentColor;
				CODE_SIGN_STYLE = Automatic;
				CURRENT_PROJECT_VERSION = 1;
				GENERATE_INFOPLIST_FILE = YES;
				INFOPLIST_FILE = WeatherApp/App/Info.plist;
				INFOPLIST_KEY_UIApplicationSupportsIndirectInputEvents = YES;
				INFOPLIST_KEY_UILaunchStoryboardName = LaunchScreen;
				INFOPLIST_KEY_UIMainStoryboardFile = Main;
				INFOPLIST_KEY_UISupportedInterfaceOrientations_iPad = "UIInterfaceOrientationPortrait UIInterfaceOrientationPortraitUpsideDown UIInterfaceOrientationLandscapeLeft UIInterfaceOrientationLandscapeRight";
				INFOPLIST_KEY_UISupportedInterfaceOrientations_iPhone = "UIInterfaceOrientationPortrait UIInterfaceOrientationLandscapeLeft UIInterfaceOrientationLandscapeRight";
				LD_RUNPATH_SEARCH_PATHS = (
					"$(inherited)",
					"@executable_path/Frameworks",
				);
				MARKETING_VERSION = 1.0;
				PRODUCT_BUNDLE_IDENTIFIER = shaggybee.WeatherApp;
				PRODUCT_NAME = "$(TARGET_NAME)";
				SWIFT_EMIT_LOC_STRINGS = YES;
				SWIFT_VERSION = 5.0;
				TARGETED_DEVICE_FAMILY = "1,2";
			};
			name = Debug;
		};
		639FCB9628590CC500225851 /* Release */ = {
			isa = XCBuildConfiguration;
			buildSettings = {
				ASSETCATALOG_COMPILER_APPICON_NAME = AppIcon;
				ASSETCATALOG_COMPILER_GLOBAL_ACCENT_COLOR_NAME = AccentColor;
				CODE_SIGN_STYLE = Automatic;
				CURRENT_PROJECT_VERSION = 1;
				GENERATE_INFOPLIST_FILE = YES;
				INFOPLIST_FILE = WeatherApp/App/Info.plist;
				INFOPLIST_KEY_UIApplicationSupportsIndirectInputEvents = YES;
				INFOPLIST_KEY_UILaunchStoryboardName = LaunchScreen;
				INFOPLIST_KEY_UIMainStoryboardFile = Main;
				INFOPLIST_KEY_UISupportedInterfaceOrientations_iPad = "UIInterfaceOrientationPortrait UIInterfaceOrientationPortraitUpsideDown UIInterfaceOrientationLandscapeLeft UIInterfaceOrientationLandscapeRight";
				INFOPLIST_KEY_UISupportedInterfaceOrientations_iPhone = "UIInterfaceOrientationPortrait UIInterfaceOrientationLandscapeLeft UIInterfaceOrientationLandscapeRight";
				LD_RUNPATH_SEARCH_PATHS = (
					"$(inherited)",
					"@executable_path/Frameworks",
				);
				MARKETING_VERSION = 1.0;
				PRODUCT_BUNDLE_IDENTIFIER = shaggybee.WeatherApp;
				PRODUCT_NAME = "$(TARGET_NAME)";
				SWIFT_EMIT_LOC_STRINGS = YES;
				SWIFT_VERSION = 5.0;
				TARGETED_DEVICE_FAMILY = "1,2";
			};
			name = Release;
		};
/* End XCBuildConfiguration section */

/* Begin XCConfigurationList section */
		639FCB7B28590CC200225851 /* Build configuration list for PBXProject "WeatherApp" */ = {
			isa = XCConfigurationList;
			buildConfigurations = (
				639FCB9228590CC500225851 /* Debug */,
				639FCB9328590CC500225851 /* Release */,
			);
			defaultConfigurationIsVisible = 0;
			defaultConfigurationName = Release;
		};
		639FCB9428590CC500225851 /* Build configuration list for PBXNativeTarget "WeatherApp" */ = {
			isa = XCConfigurationList;
			buildConfigurations = (
				639FCB9528590CC500225851 /* Debug */,
				639FCB9628590CC500225851 /* Release */,
			);
			defaultConfigurationIsVisible = 0;
			defaultConfigurationName = Release;
		};
/* End XCConfigurationList section */
	};
	rootObject = 639FCB7828590CC200225851 /* Project object */;
}
